
Microsoft Visual Studio Solution File, Format Version 12.00
# Visual Studio Version 17
VisualStudioVersion = 17.3.32922.545
MinimumVisualStudioVersion = 10.0.40219.1
Project("{FAE04EC0-301F-11D3-BF4B-00C04F79EFBC}") = "Lab1.2", "Lab1.2\Lab1.2.csproj", "{2C60A62D-FB7F-436B-936D-AC8CD37D21E6}"
EndProject
Global
	GlobalSection(SolutionConfigurationPlatforms) = preSolution
		Debug|Any CPU = Debug|Any CPU
		Release|Any CPU = Release|Any CPU
	EndGlobalSection
	GlobalSection(ProjectConfigurationPlatforms) = postSolution
		{2C60A62D-FB7F-436B-936D-AC8CD37D21E6}.Debug|Any CPU.ActiveCfg = Debug|Any CPU
		{2C60A62D-FB7F-436B-936D-AC8CD37D21E6}.Debug|Any CPU.Build.0 = Debug|Any CPU
		{2C60A62D-FB7F-436B-936D-AC8CD37D21E6}.Release|Any CPU.ActiveCfg = Release|Any CPU
		{2C60A62D-FB7F-436B-936D-AC8CD37D21E6}.Release|Any CPU.Build.0 = Release|Any CPU
	EndGlobalSection
	GlobalSection(SolutionProperties) = preSolution
		HideSolutionNode = FALSE
	EndGlobalSection
	GlobalSection(ExtensibilityGlobals) = postSolution
		SolutionGuid = {B55F86B3-BFEE-4037-B199-A9D5C2A1CED2}
	EndGlobalSection
EndGlobal
